// !$*UTF8*$!
{
	archiveVersion = 1;
	classes = {
	};
	objectVersion = 50;
	objects = {

/* Begin PBXBuildFile section */
		56240845254226FE0041DF05 /* Todolist in Resources */ = {isa = PBXBuildFile; fileRef = 56240844254226FE0041DF05 /* Todolist */; };
		5624085E25425D7F0041DF05 /* Localizable.strings in Resources */ = {isa = PBXBuildFile; fileRef = 5624086025425D7F0041DF05 /* Localizable.strings */; };
		564AC131252F677900B76EE4 /* ImagePicker.swift in Sources */ = {isa = PBXBuildFile; fileRef = 564AC130252F677900B76EE4 /* ImagePicker.swift */; };
		564AC13E252F843A00B76EE4 /* PhotoCaptureView.swift in Sources */ = {isa = PBXBuildFile; fileRef = 564AC13D252F843A00B76EE4 /* PhotoCaptureView.swift */; };
		5675636D252BE52F0060E9D5 /* iMeowApp.swift in Sources */ = {isa = PBXBuildFile; fileRef = 5675636C252BE52F0060E9D5 /* iMeowApp.swift */; };
		5675636F252BE52F0060E9D5 /* ContentView.swift in Sources */ = {isa = PBXBuildFile; fileRef = 5675636E252BE52F0060E9D5 /* ContentView.swift */; };
		56756371252BE5300060E9D5 /* Assets.xcassets in Resources */ = {isa = PBXBuildFile; fileRef = 56756370252BE5300060E9D5 /* Assets.xcassets */; };
		56756374252BE5300060E9D5 /* Preview Assets.xcassets in Resources */ = {isa = PBXBuildFile; fileRef = 56756373252BE5300060E9D5 /* Preview Assets.xcassets */; };
		5675637F252BE5300060E9D5 /* iMeowTests.swift in Sources */ = {isa = PBXBuildFile; fileRef = 5675637E252BE5300060E9D5 /* iMeowTests.swift */; };
		5675638A252BE5300060E9D5 /* iMeowUITests.swift in Sources */ = {isa = PBXBuildFile; fileRef = 56756389252BE5300060E9D5 /* iMeowUITests.swift */; };
		567563A3252BE5910060E9D5 /* FirstLaunch.swift in Sources */ = {isa = PBXBuildFile; fileRef = 567563A2252BE5910060E9D5 /* FirstLaunch.swift */; };
		567563A8252BE65E0060E9D5 /* Cat.swift in Sources */ = {isa = PBXBuildFile; fileRef = 567563A7252BE65E0060E9D5 /* Cat.swift */; };
		56D28A7C252D4A200052FC79 /* ViewRouter.swift in Sources */ = {isa = PBXBuildFile; fileRef = 56D28A7B252D4A200052FC79 /* ViewRouter.swift */; };
		56D28A81252D4B140052FC79 /* MotherView.swift in Sources */ = {isa = PBXBuildFile; fileRef = 56D28A80252D4B140052FC79 /* MotherView.swift */; };
/* End PBXBuildFile section */

/* Begin PBXContainerItemProxy section */
		5675637B252BE5300060E9D5 /* PBXContainerItemProxy */ = {
			isa = PBXContainerItemProxy;
			containerPortal = 56756361252BE52F0060E9D5 /* Project object */;
			proxyType = 1;
			remoteGlobalIDString = 56756368252BE52F0060E9D5;
			remoteInfo = iMeow;
		};
		56756386252BE5300060E9D5 /* PBXContainerItemProxy */ = {
			isa = PBXContainerItemProxy;
			containerPortal = 56756361252BE52F0060E9D5 /* Project object */;
			proxyType = 1;
			remoteGlobalIDString = 56756368252BE52F0060E9D5;
			remoteInfo = iMeow;
		};
/* End PBXContainerItemProxy section */

/* Begin PBXFileReference section */
		56240844254226FE0041DF05 /* Todolist */ = {isa = PBXFileReference; lastKnownFileType = text; path = Todolist; sourceTree = "<group>"; };
		5624084925425BD20041DF05 /* en */ = {isa = PBXFileReference; lastKnownFileType = text.plist.xml; name = en; path = en.lproj/Info.plist; sourceTree = "<group>"; };
		5624085F25425D7F0041DF05 /* en */ = {isa = PBXFileReference; lastKnownFileType = text.plist.strings; name = en; path = en.lproj/Localizable.strings; sourceTree = "<group>"; };
		5624086425425EB20041DF05 /* es-419 */ = {isa = PBXFileReference; lastKnownFileType = text.plist.xml; name = "es-419"; path = "es-419.lproj/Info.plist"; sourceTree = "<group>"; };
		5624086825425EB20041DF05 /* es-419 */ = {isa = PBXFileReference; lastKnownFileType = text.plist.strings; name = "es-419"; path = "es-419.lproj/Localizable.strings"; sourceTree = "<group>"; };
		564AC130252F677900B76EE4 /* ImagePicker.swift */ = {isa = PBXFileReference; lastKnownFileType = sourcecode.swift; path = ImagePicker.swift; sourceTree = "<group>"; };
		564AC13D252F843A00B76EE4 /* PhotoCaptureView.swift */ = {isa = PBXFileReference; lastKnownFileType = sourcecode.swift; path = PhotoCaptureView.swift; sourceTree = "<group>"; };
		56756369252BE52F0060E9D5 /* iMeow.app */ = {isa = PBXFileReference; explicitFileType = wrapper.application; includeInIndex = 0; path = iMeow.app; sourceTree = BUILT_PRODUCTS_DIR; };
		5675636C252BE52F0060E9D5 /* iMeowApp.swift */ = {isa = PBXFileReference; lastKnownFileType = sourcecode.swift; path = iMeowApp.swift; sourceTree = "<group>"; };
		5675636E252BE52F0060E9D5 /* ContentView.swift */ = {isa = PBXFileReference; lastKnownFileType = sourcecode.swift; path = ContentView.swift; sourceTree = "<group>"; };
		56756370252BE5300060E9D5 /* Assets.xcassets */ = {isa = PBXFileReference; lastKnownFileType = folder.assetcatalog; path = Assets.xcassets; sourceTree = "<group>"; };
		56756373252BE5300060E9D5 /* Preview Assets.xcassets */ = {isa = PBXFileReference; lastKnownFileType = folder.assetcatalog; path = "Preview Assets.xcassets"; sourceTree = "<group>"; };
		5675637A252BE5300060E9D5 /* iMeowTests.xctest */ = {isa = PBXFileReference; explicitFileType = wrapper.cfbundle; includeInIndex = 0; path = iMeowTests.xctest; sourceTree = BUILT_PRODUCTS_DIR; };
		5675637E252BE5300060E9D5 /* iMeowTests.swift */ = {isa = PBXFileReference; lastKnownFileType = sourcecode.swift; path = iMeowTests.swift; sourceTree = "<group>"; };
		56756380252BE5300060E9D5 /* Info.plist */ = {isa = PBXFileReference; lastKnownFileType = text.plist.xml; path = Info.plist; sourceTree = "<group>"; };
		56756385252BE5300060E9D5 /* iMeowUITests.xctest */ = {isa = PBXFileReference; explicitFileType = wrapper.cfbundle; includeInIndex = 0; path = iMeowUITests.xctest; sourceTree = BUILT_PRODUCTS_DIR; };
		56756389252BE5300060E9D5 /* iMeowUITests.swift */ = {isa = PBXFileReference; lastKnownFileType = sourcecode.swift; path = iMeowUITests.swift; sourceTree = "<group>"; };
		5675638B252BE5300060E9D5 /* Info.plist */ = {isa = PBXFileReference; lastKnownFileType = text.plist.xml; path = Info.plist; sourceTree = "<group>"; };
		567563A2252BE5910060E9D5 /* FirstLaunch.swift */ = {isa = PBXFileReference; lastKnownFileType = sourcecode.swift; path = FirstLaunch.swift; sourceTree = "<group>"; };
		567563A7252BE65E0060E9D5 /* Cat.swift */ = {isa = PBXFileReference; lastKnownFileType = sourcecode.swift; path = Cat.swift; sourceTree = "<group>"; };
		56D28A7B252D4A200052FC79 /* ViewRouter.swift */ = {isa = PBXFileReference; lastKnownFileType = sourcecode.swift; path = ViewRouter.swift; sourceTree = "<group>"; };
		56D28A80252D4B140052FC79 /* MotherView.swift */ = {isa = PBXFileReference; lastKnownFileType = sourcecode.swift; path = MotherView.swift; sourceTree = "<group>"; };
/* End PBXFileReference section */

/* Begin PBXFrameworksBuildPhase section */
		56756366252BE52F0060E9D5 /* Frameworks */ = {
			isa = PBXFrameworksBuildPhase;
			buildActionMask = 2147483647;
			files = (
			);
			runOnlyForDeploymentPostprocessing = 0;
		};
		56756377252BE5300060E9D5 /* Frameworks */ = {
			isa = PBXFrameworksBuildPhase;
			buildActionMask = 2147483647;
			files = (
			);
			runOnlyForDeploymentPostprocessing = 0;
		};
		56756382252BE5300060E9D5 /* Frameworks */ = {
			isa = PBXFrameworksBuildPhase;
			buildActionMask = 2147483647;
			files = (
			);
			runOnlyForDeploymentPostprocessing = 0;
		};
/* End PBXFrameworksBuildPhase section */

/* Begin PBXGroup section */
		56756360252BE52F0060E9D5 = {
			isa = PBXGroup;
			children = (
				5675636B252BE52F0060E9D5 /* iMeow */,
				5675637D252BE5300060E9D5 /* iMeowTests */,
				56756388252BE5300060E9D5 /* iMeowUITests */,
				5675636A252BE52F0060E9D5 /* Products */,
			);
			sourceTree = "<group>";
		};
		5675636A252BE52F0060E9D5 /* Products */ = {
			isa = PBXGroup;
			children = (
				56756369252BE52F0060E9D5 /* iMeow.app */,
				5675637A252BE5300060E9D5 /* iMeowTests.xctest */,
				56756385252BE5300060E9D5 /* iMeowUITests.xctest */,
			);
			name = Products;
			sourceTree = "<group>";
		};
		5675636B252BE52F0060E9D5 /* iMeow */ = {
			isa = PBXGroup;
			children = (
				5675636C252BE52F0060E9D5 /* iMeowApp.swift */,
				5675636E252BE52F0060E9D5 /* ContentView.swift */,
				56240844254226FE0041DF05 /* Todolist */,
				56756370252BE5300060E9D5 /* Assets.xcassets */,
				5624084A25425BD20041DF05 /* Info.plist */,
				5624086025425D7F0041DF05 /* Localizable.strings */,
				56756372252BE5300060E9D5 /* Preview Content */,
				567563A2252BE5910060E9D5 /* FirstLaunch.swift */,
				56D28A7B252D4A200052FC79 /* ViewRouter.swift */,
				567563A7252BE65E0060E9D5 /* Cat.swift */,
				56D28A80252D4B140052FC79 /* MotherView.swift */,
				564AC130252F677900B76EE4 /* ImagePicker.swift */,
				564AC13D252F843A00B76EE4 /* PhotoCaptureView.swift */,
			);
			path = iMeow;
			sourceTree = "<group>";
		};
		56756372252BE5300060E9D5 /* Preview Content */ = {
			isa = PBXGroup;
			children = (
				56756373252BE5300060E9D5 /* Preview Assets.xcassets */,
			);
			path = "Preview Content";
			sourceTree = "<group>";
		};
		5675637D252BE5300060E9D5 /* iMeowTests */ = {
			isa = PBXGroup;
			children = (
				5675637E252BE5300060E9D5 /* iMeowTests.swift */,
				56756380252BE5300060E9D5 /* Info.plist */,
			);
			path = iMeowTests;
			sourceTree = "<group>";
		};
		56756388252BE5300060E9D5 /* iMeowUITests */ = {
			isa = PBXGroup;
			children = (
				56756389252BE5300060E9D5 /* iMeowUITests.swift */,
				5675638B252BE5300060E9D5 /* Info.plist */,
			);
			path = iMeowUITests;
			sourceTree = "<group>";
		};
/* End PBXGroup section */

/* Begin PBXNativeTarget section */
		56756368252BE52F0060E9D5 /* iMeow */ = {
			isa = PBXNativeTarget;
			buildConfigurationList = 5675638E252BE5300060E9D5 /* Build configuration list for PBXNativeTarget "iMeow" */;
			buildPhases = (
				56756365252BE52F0060E9D5 /* Sources */,
				56756366252BE52F0060E9D5 /* Frameworks */,
				56756367252BE52F0060E9D5 /* Resources */,
			);
			buildRules = (
			);
			dependencies = (
			);
			name = iMeow;
			productName = iMeow;
			productReference = 56756369252BE52F0060E9D5 /* iMeow.app */;
			productType = "com.apple.product-type.application";
		};
		56756379252BE5300060E9D5 /* iMeowTests */ = {
			isa = PBXNativeTarget;
			buildConfigurationList = 56756391252BE5300060E9D5 /* Build configuration list for PBXNativeTarget "iMeowTests" */;
			buildPhases = (
				56756376252BE5300060E9D5 /* Sources */,
				56756377252BE5300060E9D5 /* Frameworks */,
				56756378252BE5300060E9D5 /* Resources */,
			);
			buildRules = (
			);
			dependencies = (
				5675637C252BE5300060E9D5 /* PBXTargetDependency */,
			);
			name = iMeowTests;
			productName = iMeowTests;
			productReference = 5675637A252BE5300060E9D5 /* iMeowTests.xctest */;
			productType = "com.apple.product-type.bundle.unit-test";
		};
		56756384252BE5300060E9D5 /* iMeowUITests */ = {
			isa = PBXNativeTarget;
			buildConfigurationList = 56756394252BE5300060E9D5 /* Build configuration list for PBXNativeTarget "iMeowUITests" */;
			buildPhases = (
				56756381252BE5300060E9D5 /* Sources */,
				56756382252BE5300060E9D5 /* Frameworks */,
				56756383252BE5300060E9D5 /* Resources */,
			);
			buildRules = (
			);
			dependencies = (
				56756387252BE5300060E9D5 /* PBXTargetDependency */,
			);
			name = iMeowUITests;
			productName = iMeowUITests;
			productReference = 56756385252BE5300060E9D5 /* iMeowUITests.xctest */;
			productType = "com.apple.product-type.bundle.ui-testing";
		};
/* End PBXNativeTarget section */

/* Begin PBXProject section */
		56756361252BE52F0060E9D5 /* Project object */ = {
			isa = PBXProject;
			attributes = {
				LastSwiftUpdateCheck = 1200;
				LastUpgradeCheck = 1200;
				TargetAttributes = {
					56756368252BE52F0060E9D5 = {
						CreatedOnToolsVersion = 12.0.1;
					};
					56756379252BE5300060E9D5 = {
						CreatedOnToolsVersion = 12.0.1;
						TestTargetID = 56756368252BE52F0060E9D5;
					};
					56756384252BE5300060E9D5 = {
						CreatedOnToolsVersion = 12.0.1;
						TestTargetID = 56756368252BE52F0060E9D5;
					};
				};
			};
			buildConfigurationList = 56756364252BE52F0060E9D5 /* Build configuration list for PBXProject "iMeow" */;
			compatibilityVersion = "Xcode 9.3";
			developmentRegion = en;
			hasScannedForEncodings = 0;
			knownRegions = (
				en,
				Base,
				"es-419",
			);
			mainGroup = 56756360252BE52F0060E9D5;
			productRefGroup = 5675636A252BE52F0060E9D5 /* Products */;
			projectDirPath = "";
			projectRoot = "";
			targets = (
				56756368252BE52F0060E9D5 /* iMeow */,
				56756379252BE5300060E9D5 /* iMeowTests */,
				56756384252BE5300060E9D5 /* iMeowUITests */,
			);
		};
/* End PBXProject section */

/* Begin PBXResourcesBuildPhase section */
		56756367252BE52F0060E9D5 /* Resources */ = {
			isa = PBXResourcesBuildPhase;
			buildActionMask = 2147483647;
			files = (
				56756374252BE5300060E9D5 /* Preview Assets.xcassets in Resources */,
				5624085E25425D7F0041DF05 /* Localizable.strings in Resources */,
				56240845254226FE0041DF05 /* Todolist in Resources */,
				56756371252BE5300060E9D5 /* Assets.xcassets in Resources */,
			);
			runOnlyForDeploymentPostprocessing = 0;
		};
		56756378252BE5300060E9D5 /* Resources */ = {
			isa = PBXResourcesBuildPhase;
			buildActionMask = 2147483647;
			files = (
			);
			runOnlyForDeploymentPostprocessing = 0;
		};
		56756383252BE5300060E9D5 /* Resources */ = {
			isa = PBXResourcesBuildPhase;
			buildActionMask = 2147483647;
			files = (
			);
			runOnlyForDeploymentPostprocessing = 0;
		};
/* End PBXResourcesBuildPhase section */

/* Begin PBXSourcesBuildPhase section */
		56756365252BE52F0060E9D5 /* Sources */ = {
			isa = PBXSourcesBuildPhase;
			buildActionMask = 2147483647;
			files = (
				56D28A7C252D4A200052FC79 /* ViewRouter.swift in Sources */,
				56D28A81252D4B140052FC79 /* MotherView.swift in Sources */,
				564AC13E252F843A00B76EE4 /* PhotoCaptureView.swift in Sources */,
				567563A8252BE65E0060E9D5 /* Cat.swift in Sources */,
				564AC131252F677900B76EE4 /* ImagePicker.swift in Sources */,
				567563A3252BE5910060E9D5 /* FirstLaunch.swift in Sources */,
				5675636F252BE52F0060E9D5 /* ContentView.swift in Sources */,
				5675636D252BE52F0060E9D5 /* iMeowApp.swift in Sources */,
			);
			runOnlyForDeploymentPostprocessing = 0;
		};
		56756376252BE5300060E9D5 /* Sources */ = {
			isa = PBXSourcesBuildPhase;
			buildActionMask = 2147483647;
			files = (
				5675637F252BE5300060E9D5 /* iMeowTests.swift in Sources */,
			);
			runOnlyForDeploymentPostprocessing = 0;
		};
		56756381252BE5300060E9D5 /* Sources */ = {
			isa = PBXSourcesBuildPhase;
			buildActionMask = 2147483647;
			files = (
				5675638A252BE5300060E9D5 /* iMeowUITests.swift in Sources */,
			);
			runOnlyForDeploymentPostprocessing = 0;
		};
/* End PBXSourcesBuildPhase section */

/* Begin PBXTargetDependency section */
		5675637C252BE5300060E9D5 /* PBXTargetDependency */ = {
			isa = PBXTargetDependency;
			target = 56756368252BE52F0060E9D5 /* iMeow */;
			targetProxy = 5675637B252BE5300060E9D5 /* PBXContainerItemProxy */;
		};
		56756387252BE5300060E9D5 /* PBXTargetDependency */ = {
			isa = PBXTargetDependency;
			target = 56756368252BE52F0060E9D5 /* iMeow */;
			targetProxy = 56756386252BE5300060E9D5 /* PBXContainerItemProxy */;
		};
/* End PBXTargetDependency section */

/* Begin PBXVariantGroup section */
		5624084A25425BD20041DF05 /* Info.plist */ = {
			isa = PBXVariantGroup;
			children = (
				5624084925425BD20041DF05 /* en */,
				5624086425425EB20041DF05 /* es-419 */,
			);
			name = Info.plist;
			sourceTree = "<group>";
		};
		5624086025425D7F0041DF05 /* Localizable.strings */ = {
			isa = PBXVariantGroup;
			children = (
				5624085F25425D7F0041DF05 /* en */,
				5624086825425EB20041DF05 /* es-419 */,
			);
			name = Localizable.strings;
			sourceTree = "<group>";
		};
/* End PBXVariantGroup section */

/* Begin XCBuildConfiguration section */
		5675638C252BE5300060E9D5 /* Debug */ = {
			isa = XCBuildConfiguration;
			buildSettings = {
				ALWAYS_SEARCH_USER_PATHS = NO;
				CLANG_ANALYZER_LOCALIZABILITY_NONLOCALIZED = YES;
				CLANG_ANALYZER_NONNULL = YES;
				CLANG_ANALYZER_NUMBER_OBJECT_CONVERSION = YES_AGGRESSIVE;
				CLANG_CXX_LANGUAGE_STANDARD = "gnu++14";
				CLANG_CXX_LIBRARY = "libc++";
				CLANG_ENABLE_MODULES = YES;
				CLANG_ENABLE_OBJC_ARC = YES;
				CLANG_ENABLE_OBJC_WEAK = YES;
				CLANG_WARN_BLOCK_CAPTURE_AUTORELEASING = YES;
				CLANG_WARN_BOOL_CONVERSION = YES;
				CLANG_WARN_COMMA = YES;
				CLANG_WARN_CONSTANT_CONVERSION = YES;
				CLANG_WARN_DEPRECATED_OBJC_IMPLEMENTATIONS = YES;
				CLANG_WARN_DIRECT_OBJC_ISA_USAGE = YES_ERROR;
				CLANG_WARN_DOCUMENTATION_COMMENTS = YES;
				CLANG_WARN_EMPTY_BODY = YES;
				CLANG_WARN_ENUM_CONVERSION = YES;
				CLANG_WARN_INFINITE_RECURSION = YES;
				CLANG_WARN_INT_CONVERSION = YES;
				CLANG_WARN_NON_LITERAL_NULL_CONVERSION = YES;
				CLANG_WARN_OBJC_IMPLICIT_RETAIN_SELF = YES;
				CLANG_WARN_OBJC_LITERAL_CONVERSION = YES;
				CLANG_WARN_OBJC_ROOT_CLASS = YES_ERROR;
				CLANG_WARN_QUOTED_INCLUDE_IN_FRAMEWORK_HEADER = YES;
				CLANG_WARN_RANGE_LOOP_ANALYSIS = YES;
				CLANG_WARN_STRICT_PROTOTYPES = YES;
				CLANG_WARN_SUSPICIOUS_MOVE = YES;
				CLANG_WARN_UNGUARDED_AVAILABILITY = YES_AGGRESSIVE;
				CLANG_WARN_UNREACHABLE_CODE = YES;
				CLANG_WARN__DUPLICATE_METHOD_MATCH = YES;
				COPY_PHASE_STRIP = NO;
				DEBUG_INFORMATION_FORMAT = dwarf;
				ENABLE_STRICT_OBJC_MSGSEND = YES;
				ENABLE_TESTABILITY = YES;
				GCC_C_LANGUAGE_STANDARD = gnu11;
				GCC_DYNAMIC_NO_PIC = NO;
				GCC_NO_COMMON_BLOCKS = YES;
				GCC_OPTIMIZATION_LEVEL = 0;
				GCC_PREPROCESSOR_DEFINITIONS = (
					"DEBUG=1",
					"$(inherited)",
				);
				GCC_WARN_64_TO_32_BIT_CONVERSION = YES;
				GCC_WARN_ABOUT_RETURN_TYPE = YES_ERROR;
				GCC_WARN_UNDECLARED_SELECTOR = YES;
				GCC_WARN_UNINITIALIZED_AUTOS = YES_AGGRESSIVE;
				GCC_WARN_UNUSED_FUNCTION = YES;
				GCC_WARN_UNUSED_VARIABLE = YES;
				INFOPLIST_FILE = "";
				IPHONEOS_DEPLOYMENT_TARGET = 14.0;
				MTL_ENABLE_DEBUG_INFO = INCLUDE_SOURCE;
				MTL_FAST_MATH = YES;
				ONLY_ACTIVE_ARCH = YES;
				SDKROOT = iphoneos;
				SWIFT_ACTIVE_COMPILATION_CONDITIONS = DEBUG;
				SWIFT_OPTIMIZATION_LEVEL = "-Onone";
			};
			name = Debug;
		};
		5675638D252BE5300060E9D5 /* Release */ = {
			isa = XCBuildConfiguration;
			buildSettings = {
				ALWAYS_SEARCH_USER_PATHS = NO;
				CLANG_ANALYZER_LOCALIZABILITY_NONLOCALIZED = YES;
				CLANG_ANALYZER_NONNULL = YES;
				CLANG_ANALYZER_NUMBER_OBJECT_CONVERSION = YES_AGGRESSIVE;
				CLANG_CXX_LANGUAGE_STANDARD = "gnu++14";
				CLANG_CXX_LIBRARY = "libc++";
				CLANG_ENABLE_MODULES = YES;
				CLANG_ENABLE_OBJC_ARC = YES;
				CLANG_ENABLE_OBJC_WEAK = YES;
				CLANG_WARN_BLOCK_CAPTURE_AUTORELEASING = YES;
				CLANG_WARN_BOOL_CONVERSION = YES;
				CLANG_WARN_COMMA = YES;
				CLANG_WARN_CONSTANT_CONVERSION = YES;
				CLANG_WARN_DEPRECATED_OBJC_IMPLEMENTATIONS = YES;
				CLANG_WARN_DIRECT_OBJC_ISA_USAGE = YES_ERROR;
				CLANG_WARN_DOCUMENTATION_COMMENTS = YES;
				CLANG_WARN_EMPTY_BODY = YES;
				CLANG_WARN_ENUM_CONVERSION = YES;
				CLANG_WARN_INFINITE_RECURSION = YES;
				CLANG_WARN_INT_CONVERSION = YES;
				CLANG_WARN_NON_LITERAL_NULL_CONVERSION = YES;
				CLANG_WARN_OBJC_IMPLICIT_RETAIN_SELF = YES;
				CLANG_WARN_OBJC_LITERAL_CONVERSION = YES;
				CLANG_WARN_OBJC_ROOT_CLASS = YES_ERROR;
				CLANG_WARN_QUOTED_INCLUDE_IN_FRAMEWORK_HEADER = YES;
				CLANG_WARN_RANGE_LOOP_ANALYSIS = YES;
				CLANG_WARN_STRICT_PROTOTYPES = YES;
				CLANG_WARN_SUSPICIOUS_MOVE = YES;
				CLANG_WARN_UNGUARDED_AVAILABILITY = YES_AGGRESSIVE;
				CLANG_WARN_UNREACHABLE_CODE = YES;
				CLANG_WARN__DUPLICATE_METHOD_MATCH = YES;
				COPY_PHASE_STRIP = NO;
				DEBUG_INFORMATION_FORMAT = "dwarf-with-dsym";
				ENABLE_NS_ASSERTIONS = NO;
				ENABLE_STRICT_OBJC_MSGSEND = YES;
				GCC_C_LANGUAGE_STANDARD = gnu11;
				GCC_NO_COMMON_BLOCKS = YES;
				GCC_WARN_64_TO_32_BIT_CONVERSION = YES;
				GCC_WARN_ABOUT_RETURN_TYPE = YES_ERROR;
				GCC_WARN_UNDECLARED_SELECTOR = YES;
				GCC_WARN_UNINITIALIZED_AUTOS = YES_AGGRESSIVE;
				GCC_WARN_UNUSED_FUNCTION = YES;
				GCC_WARN_UNUSED_VARIABLE = YES;
				INFOPLIST_FILE = "";
				IPHONEOS_DEPLOYMENT_TARGET = 14.0;
				MTL_ENABLE_DEBUG_INFO = NO;
				MTL_FAST_MATH = YES;
				SDKROOT = iphoneos;
				SWIFT_COMPILATION_MODE = wholemodule;
				SWIFT_OPTIMIZATION_LEVEL = "-O";
				VALIDATE_PRODUCT = YES;
			};
			name = Release;
		};
		5675638F252BE5300060E9D5 /* Debug */ = {
			isa = XCBuildConfiguration;
			buildSettings = {
				ASSETCATALOG_COMPILER_APPICON_NAME = AppIcon;
				ASSETCATALOG_COMPILER_GLOBAL_ACCENT_COLOR_NAME = AccentColor;
				CODE_SIGN_STYLE = Automatic;
				DEVELOPMENT_ASSET_PATHS = "\"iMeow/Preview Content\"";
				DEVELOPMENT_TEAM = JM7R3HZC67;
				ENABLE_PREVIEWS = YES;
				INFOPLIST_FILE = iMeow/Info.plist;
				IPHONEOS_DEPLOYMENT_TARGET = 14.0;
				LD_RUNPATH_SEARCH_PATHS = (
					"$(inherited)",
					"@executable_path/Frameworks",
				);
				PRODUCT_BUNDLE_IDENTIFIER = com.example.iMeow;
				PRODUCT_NAME = "$(TARGET_NAME)";
				SWIFT_VERSION = 5.0;
				TARGETED_DEVICE_FAMILY = "1,2";
			};
			name = Debug;
		};
		56756390252BE5300060E9D5 /* Release */ = {
			isa = XCBuildConfiguration;
			buildSettings = {
				ASSETCATALOG_COMPILER_APPICON_NAME = AppIcon;
				ASSETCATALOG_COMPILER_GLOBAL_ACCENT_COLOR_NAME = AccentColor;
				CODE_SIGN_STYLE = Automatic;
				DEVELOPMENT_ASSET_PATHS = "\"iMeow/Preview Content\"";
				DEVELOPMENT_TEAM = JM7R3HZC67;
				ENABLE_PREVIEWS = YES;
				INFOPLIST_FILE = iMeow/Info.plist;
				IPHONEOS_DEPLOYMENT_TARGET = 14.0;
				LD_RUNPATH_SEARCH_PATHS = (
					"$(inherited)",
					"@executable_path/Frameworks",
				);
				PRODUCT_BUNDLE_IDENTIFIER = com.example.iMeow;
				PRODUCT_NAME = "$(TARGET_NAME)";
				SWIFT_VERSION = 5.0;
				TARGETED_DEVICE_FAMILY = "1,2";
			};
			name = Release;
		};
		56756392252BE5300060E9D5 /* Debug */ = {
			isa = XCBuildConfiguration;
			buildSettings = {
				ALWAYS_EMBED_SWIFT_STANDARD_LIBRARIES = YES;
				BUNDLE_LOADER = "$(TEST_HOST)";
				CODE_SIGN_STYLE = Automatic;
				INFOPLIST_FILE = iMeowTests/Info.plist;
				IPHONEOS_DEPLOYMENT_TARGET = 14.0;
				LD_RUNPATH_SEARCH_PATHS = (
					"$(inherited)",
					"@executable_path/Frameworks",
					"@loader_path/Frameworks",
				);
				PRODUCT_BUNDLE_IDENTIFIER = com.example.iMeowTests;
				PRODUCT_NAME = "$(TARGET_NAME)";
				SWIFT_VERSION = 5.0;
				TARGETED_DEVICE_FAMILY = "1,2";
				TEST_HOST = "$(BUILT_PRODUCTS_DIR)/iMeow.app/iMeow";
			};
			name = Debug;
		};
		56756393252BE5300060E9D5 /* Release */ = {
			isa = XCBuildConfiguration;
			buildSettings = {
				ALWAYS_EMBED_SWIFT_STANDARD_LIBRARIES = YES;
				BUNDLE_LOADER = "$(TEST_HOST)";
				CODE_SIGN_STYLE = Automatic;
				INFOPLIST_FILE = iMeowTests/Info.plist;
				IPHONEOS_DEPLOYMENT_TARGET = 14.0;
				LD_RUNPATH_SEARCH_PATHS = (
					"$(inherited)",
					"@executable_path/Frameworks",
					"@loader_path/Frameworks",
				);
				PRODUCT_BUNDLE_IDENTIFIER = com.example.iMeowTests;
				PRODUCT_NAME = "$(TARGET_NAME)";
				SWIFT_VERSION = 5.0;
				TARGETED_DEVICE_FAMILY = "1,2";
				TEST_HOST = "$(BUILT_PRODUCTS_DIR)/iMeow.app/iMeow";
			};
			name = Release;
		};
		56756395252BE5300060E9D5 /* Debug */ = {
			isa = XCBuildConfiguration;
			buildSettings = {
				ALWAYS_EMBED_SWIFT_STANDARD_LIBRARIES = YES;
				CODE_SIGN_STYLE = Automatic;
				INFOPLIST_FILE = iMeowUITests/Info.plist;
				LD_RUNPATH_SEARCH_PATHS = (
					"$(inherited)",
					"@executable_path/Frameworks",
					"@loader_path/Frameworks",
				);
				PRODUCT_BUNDLE_IDENTIFIER = com.example.iMeowUITests;
				PRODUCT_NAME = "$(TARGET_NAME)";
				SWIFT_VERSION = 5.0;
				TARGETED_DEVICE_FAMILY = "1,2";
				TEST_TARGET_NAME = iMeow;
			};
			name = Debug;
		};
		56756396252BE5300060E9D5 /* Release */ = {
			isa = XCBuildConfiguration;
			buildSettings = {
				ALWAYS_EMBED_SWIFT_STANDARD_LIBRARIES = YES;
				CODE_SIGN_STYLE = Automatic;
				INFOPLIST_FILE = iMeowUITests/Info.plist;
				LD_RUNPATH_SEARCH_PATHS = (
					"$(inherited)",
					"@executable_path/Frameworks",
					"@loader_path/Frameworks",
				);
				PRODUCT_BUNDLE_IDENTIFIER = com.example.iMeowUITests;
				PRODUCT_NAME = "$(TARGET_NAME)";
				SWIFT_VERSION = 5.0;
				TARGETED_DEVICE_FAMILY = "1,2";
				TEST_TARGET_NAME = iMeow;
			};
			name = Release;
		};
/* End XCBuildConfiguration section */

/* Begin XCConfigurationList section */
		56756364252BE52F0060E9D5 /* Build configuration list for PBXProject "iMeow" */ = {
			isa = XCConfigurationList;
			buildConfigurations = (
				5675638C252BE5300060E9D5 /* Debug */,
				5675638D252BE5300060E9D5 /* Release */,
			);
			defaultConfigurationIsVisible = 0;
			defaultConfigurationName = Release;
		};
		5675638E252BE5300060E9D5 /* Build configuration list for PBXNativeTarget "iMeow" */ = {
			isa = XCConfigurationList;
			buildConfigurations = (
				5675638F252BE5300060E9D5 /* Debug */,
				56756390252BE5300060E9D5 /* Release */,
			);
			defaultConfigurationIsVisible = 0;
			defaultConfigurationName = Release;
		};
		56756391252BE5300060E9D5 /* Build configuration list for PBXNativeTarget "iMeowTests" */ = {
			isa = XCConfigurationList;
			buildConfigurations = (
				56756392252BE5300060E9D5 /* Debug */,
				56756393252BE5300060E9D5 /* Release */,
			);
			defaultConfigurationIsVisible = 0;
			defaultConfigurationName = Release;
		};
		56756394252BE5300060E9D5 /* Build configuration list for PBXNativeTarget "iMeowUITests" */ = {
			isa = XCConfigurationList;
			buildConfigurations = (
				56756395252BE5300060E9D5 /* Debug */,
				56756396252BE5300060E9D5 /* Release */,
			);
			defaultConfigurationIsVisible = 0;
			defaultConfigurationName = Release;
		};
/* End XCConfigurationList section */
	};
	rootObject = 56756361252BE52F0060E9D5 /* Project object */;
}
